
Microsoft Visual Studio Solution File, Format Version 12.00
# Visual Studio 14
VisualStudioVersion = 14.0.25123.0
MinimumVisualStudioVersion = 10.0.40219.1
Project("{FAE04EC0-301F-11D3-BF4B-00C04F79EFBC}") = "HealthFirst", "HealthFirst\HealthFirst.csproj", "{5D432346-BC20-402E-83C7-0090C6EE4472}"
EndProject
Project("{FAE04EC0-301F-11D3-BF4B-00C04F79EFBC}") = "HealthFirst.Tests", "HealthFirst.Tests\HealthFirst.Tests.csproj", "{3B1E8876-F88F-46E6-B474-51AF825333D0}"
EndProject
Global
	GlobalSection(SolutionConfigurationPlatforms) = preSolution
		Debug|Any CPU = Debug|Any CPU
		Release|Any CPU = Release|Any CPU
	EndGlobalSection
	GlobalSection(ProjectConfigurationPlatforms) = postSolution
		{5D432346-BC20-402E-83C7-0090C6EE4472}.Debug|Any CPU.ActiveCfg = Debug|Any CPU
		{5D432346-BC20-402E-83C7-0090C6EE4472}.Debug|Any CPU.Build.0 = Debug|Any CPU
		{5D432346-BC20-402E-83C7-0090C6EE4472}.Release|Any CPU.ActiveCfg = Release|Any CPU
		{5D432346-BC20-402E-83C7-0090C6EE4472}.Release|Any CPU.Build.0 = Release|Any CPU
		{3B1E8876-F88F-46E6-B474-51AF825333D0}.Debug|Any CPU.ActiveCfg = Debug|Any CPU
		{3B1E8876-F88F-46E6-B474-51AF825333D0}.Debug|Any CPU.Build.0 = Debug|Any CPU
		{3B1E8876-F88F-46E6-B474-51AF825333D0}.Release|Any CPU.ActiveCfg = Release|Any CPU
		{3B1E8876-F88F-46E6-B474-51AF825333D0}.Release|Any CPU.Build.0 = Release|Any CPU
	EndGlobalSection
	GlobalSection(SolutionProperties) = preSolution
		HideSolutionNode = FALSE
	EndGlobalSection
EndGlobal
